
Microsoft Visual Studio Solution File, Format Version 12.00
# Visual Studio 2013
VisualStudioVersion = 12.0.31101.0
MinimumVisualStudioVersion = 10.0.40219.1
Project("{FAE04EC0-301F-11D3-BF4B-00C04F79EFBC}") = "MoePic", "MoePic\MoePic.csproj", "{E52323D2-7A2C-4BE7-94E5-D15ED906B0AB}"
EndProject
Project("{8BC9CEB8-8B4A-11D0-8D11-00A0C91BC942}") = "AppResLib", "AppResLib\AppResLib.vcxproj", "{3838D51E-7E81-4A7F-A3F7-6613EB3758EE}"
EndProject
Project("{8BC9CEB8-8B4A-11D0-8D11-00A0C91BC942}") = "AppResLib.ja-JP", "AppResLib.ja-JP\AppResLib.ja-JP.vcxproj", "{BCC43EE1-A940-4628-97FE-90D13E429EB3}"
EndProject
Project("{8BC9CEB8-8B4A-11D0-8D11-00A0C91BC942}") = "AppResLib.zh-CN", "AppResLib.zh-CN\AppResLib.zh-CN.vcxproj", "{D9DAE0CA-CF5C-4AA5-B65D-4CD67B6EC185}"
EndProject
Project("{8BC9CEB8-8B4A-11D0-8D11-00A0C91BC942}") = "AppResLib.zh-TW", "AppResLib.zh-TW\AppResLib.zh-TW.vcxproj", "{EB9AF8DB-6912-481E-AA8D-36B9C44BA225}"
EndProject
Project("{FAE04EC0-301F-11D3-BF4B-00C04F79EFBC}") = "MoePic.Lockscreen", "MoePic.Lockscreen\MoePic.Lockscreen.csproj", "{C620B3A7-7A0A-4510-B210-88705055266D}"
EndProject
Project("{FAE04EC0-301F-11D3-BF4B-00C04F79EFBC}") = "HLib.ExHentaiAPI", "ExHentaiAPI\HLib.ExHentaiAPI.csproj", "{69931290-CCB2-452E-B900-35823CCFB02A}"
EndProject
Project("{FAE04EC0-301F-11D3-BF4B-00C04F79EFBC}") = "HentaiTest", "HentaiTest\HentaiTest.csproj", "{6EF03256-BAD7-418D-BBEC-15008CE2CF34}"
EndProject
Project("{FAE04EC0-301F-11D3-BF4B-00C04F79EFBC}") = "HLib", "HLib\HLib.csproj", "{6660C16B-6A90-4EE6-BF96-0E97241B9C3C}"
EndProject
Global
	GlobalSection(SolutionConfigurationPlatforms) = preSolution
		Debug|Any CPU = Debug|Any CPU
		Debug|ARM = Debug|ARM
		Debug|Mixed Platforms = Debug|Mixed Platforms
		Debug|Win32 = Debug|Win32
		Debug|x86 = Debug|x86
		Release|Any CPU = Release|Any CPU
		Release|ARM = Release|ARM
		Release|Mixed Platforms = Release|Mixed Platforms
		Release|Win32 = Release|Win32
		Release|x86 = Release|x86
	EndGlobalSection
	GlobalSection(ProjectConfigurationPlatforms) = postSolution
		{E52323D2-7A2C-4BE7-94E5-D15ED906B0AB}.Debug|Any CPU.ActiveCfg = Debug|Any CPU
		{E52323D2-7A2C-4BE7-94E5-D15ED906B0AB}.Debug|Any CPU.Build.0 = Debug|Any CPU
		{E52323D2-7A2C-4BE7-94E5-D15ED906B0AB}.Debug|Any CPU.Deploy.0 = Debug|Any CPU
		{E52323D2-7A2C-4BE7-94E5-D15ED906B0AB}.Debug|ARM.ActiveCfg = Debug|ARM
		{E52323D2-7A2C-4BE7-94E5-D15ED906B0AB}.Debug|ARM.Build.0 = Debug|ARM
		{E52323D2-7A2C-4BE7-94E5-D15ED906B0AB}.Debug|ARM.Deploy.0 = Debug|ARM
		{E52323D2-7A2C-4BE7-94E5-D15ED906B0AB}.Debug|Mixed Platforms.ActiveCfg = Debug|x86
		{E52323D2-7A2C-4BE7-94E5-D15ED906B0AB}.Debug|Mixed Platforms.Build.0 = Debug|x86
		{E52323D2-7A2C-4BE7-94E5-D15ED906B0AB}.Debug|Mixed Platforms.Deploy.0 = Debug|x86
		{E52323D2-7A2C-4BE7-94E5-D15ED906B0AB}.Debug|Win32.ActiveCfg = Debug|x86
		{E52323D2-7A2C-4BE7-94E5-D15ED906B0AB}.Debug|Win32.Build.0 = Debug|x86
		{E52323D2-7A2C-4BE7-94E5-D15ED906B0AB}.Debug|Win32.Deploy.0 = Debug|x86
		{E52323D2-7A2C-4BE7-94E5-D15ED906B0AB}.Debug|x86.ActiveCfg = Debug|x86
		{E52323D2-7A2C-4BE7-94E5-D15ED906B0AB}.Debug|x86.Build.0 = Debug|x86
		{E52323D2-7A2C-4BE7-94E5-D15ED906B0AB}.Debug|x86.Deploy.0 = Debug|x86
		{E52323D2-7A2C-4BE7-94E5-D15ED906B0AB}.Release|Any CPU.ActiveCfg = Release|Any CPU
		{E52323D2-7A2C-4BE7-94E5-D15ED906B0AB}.Release|Any CPU.Build.0 = Release|Any CPU
		{E52323D2-7A2C-4BE7-94E5-D15ED906B0AB}.Release|Any CPU.Deploy.0 = Release|Any CPU
		{E52323D2-7A2C-4BE7-94E5-D15ED906B0AB}.Release|ARM.ActiveCfg = Release|ARM
		{E52323D2-7A2C-4BE7-94E5-D15ED906B0AB}.Release|ARM.Build.0 = Release|ARM
		{E52323D2-7A2C-4BE7-94E5-D15ED906B0AB}.Release|ARM.Deploy.0 = Release|ARM
		{E52323D2-7A2C-4BE7-94E5-D15ED906B0AB}.Release|Mixed Platforms.ActiveCfg = Release|x86
		{E52323D2-7A2C-4BE7-94E5-D15ED906B0AB}.Release|Mixed Platforms.Build.0 = Release|x86
		{E52323D2-7A2C-4BE7-94E5-D15ED906B0AB}.Release|Mixed Platforms.Deploy.0 = Release|x86
		{E52323D2-7A2C-4BE7-94E5-D15ED906B0AB}.Release|Win32.ActiveCfg = Release|x86
		{E52323D2-7A2C-4BE7-94E5-D15ED906B0AB}.Release|Win32.Build.0 = Release|x86
		{E52323D2-7A2C-4BE7-94E5-D15ED906B0AB}.Release|Win32.Deploy.0 = Release|x86
		{E52323D2-7A2C-4BE7-94E5-D15ED906B0AB}.Release|x86.ActiveCfg = Release|x86
		{E52323D2-7A2C-4BE7-94E5-D15ED906B0AB}.Release|x86.Build.0 = Release|x86
		{E52323D2-7A2C-4BE7-94E5-D15ED906B0AB}.Release|x86.Deploy.0 = Release|x86
		{3838D51E-7E81-4A7F-A3F7-6613EB3758EE}.Debug|Any CPU.ActiveCfg = Debug|Win32
		{3838D51E-7E81-4A7F-A3F7-6613EB3758EE}.Debug|ARM.ActiveCfg = Debug|Win32
		{3838D51E-7E81-4A7F-A3F7-6613EB3758EE}.Debug|Mixed Platforms.ActiveCfg = Debug|Win32
		{3838D51E-7E81-4A7F-A3F7-6613EB3758EE}.Debug|Mixed Platforms.Build.0 = Debug|Win32
		{3838D51E-7E81-4A7F-A3F7-6613EB3758EE}.Debug|Win32.ActiveCfg = Debug|Win32
		{3838D51E-7E81-4A7F-A3F7-6613EB3758EE}.Debug|Win32.Build.0 = Debug|Win32
		{3838D51E-7E81-4A7F-A3F7-6613EB3758EE}.Debug|x86.ActiveCfg = Debug|Win32
		{3838D51E-7E81-4A7F-A3F7-6613EB3758EE}.Debug|x86.Build.0 = Debug|Win32
		{3838D51E-7E81-4A7F-A3F7-6613EB3758EE}.Release|Any CPU.ActiveCfg = Release|Win32
		{3838D51E-7E81-4A7F-A3F7-6613EB3758EE}.Release|ARM.ActiveCfg = Release|Win32
		{3838D51E-7E81-4A7F-A3F7-6613EB3758EE}.Release|Mixed Platforms.ActiveCfg = Release|Win32
		{3838D51E-7E81-4A7F-A3F7-6613EB3758EE}.Release|Mixed Platforms.Build.0 = Release|Win32
		{3838D51E-7E81-4A7F-A3F7-6613EB3758EE}.Release|Win32.ActiveCfg = Release|Win32
		{3838D51E-7E81-4A7F-A3F7-6613EB3758EE}.Release|Win32.Build.0 = Release|Win32
		{3838D51E-7E81-4A7F-A3F7-6613EB3758EE}.Release|x86.ActiveCfg = Release|Win32
		{3838D51E-7E81-4A7F-A3F7-6613EB3758EE}.Release|x86.Build.0 = Release|Win32
		{BCC43EE1-A940-4628-97FE-90D13E429EB3}.Debug|Any CPU.ActiveCfg = Debug|Win32
		{BCC43EE1-A940-4628-97FE-90D13E429EB3}.Debug|ARM.ActiveCfg = Debug|Win32
		{BCC43EE1-A940-4628-97FE-90D13E429EB3}.Debug|Mixed Platforms.ActiveCfg = Debug|Win32
		{BCC43EE1-A940-4628-97FE-90D13E429EB3}.Debug|Mixed Platforms.Build.0 = Debug|Win32
		{BCC43EE1-A940-4628-97FE-90D13E429EB3}.Debug|Win32.ActiveCfg = Debug|Win32
		{BCC43EE1-A940-4628-97FE-90D13E429EB3}.Debug|Win32.Build.0 = Debug|Win32
		{BCC43EE1-A940-4628-97FE-90D13E429EB3}.Debug|x86.ActiveCfg = Debug|Win32
		{BCC43EE1-A940-4628-97FE-90D13E429EB3}.Debug|x86.Build.0 = Debug|Win32
		{BCC43EE1-A940-4628-97FE-90D13E429EB3}.Release|Any CPU.ActiveCfg = Release|Win32
		{BCC43EE1-A940-4628-97FE-90D13E429EB3}.Release|ARM.ActiveCfg = Release|Win32
		{BCC43EE1-A940-4628-97FE-90D13E429EB3}.Release|Mixed Platforms.ActiveCfg = Release|Win32
		{BCC43EE1-A940-4628-97FE-90D13E429EB3}.Release|Mixed Platforms.Build.0 = Release|Win32
		{BCC43EE1-A940-4628-97FE-90D13E429EB3}.Release|Win32.ActiveCfg = Release|Win32
		{BCC43EE1-A940-4628-97FE-90D13E429EB3}.Release|Win32.Build.0 = Release|Win32
		{BCC43EE1-A940-4628-97FE-90D13E429EB3}.Release|x86.ActiveCfg = Release|Win32
		{BCC43EE1-A940-4628-97FE-90D13E429EB3}.Release|x86.Build.0 = Release|Win32
		{D9DAE0CA-CF5C-4AA5-B65D-4CD67B6EC185}.Debug|Any CPU.ActiveCfg = Debug|Win32
		{D9DAE0CA-CF5C-4AA5-B65D-4CD67B6EC185}.Debug|ARM.ActiveCfg = Debug|Win32
		{D9DAE0CA-CF5C-4AA5-B65D-4CD67B6EC185}.Debug|Mixed Platforms.ActiveCfg = Debug|Win32
		{D9DAE0CA-CF5C-4AA5-B65D-4CD67B6EC185}.Debug|Mixed Platforms.Build.0 = Debug|Win32
		{D9DAE0CA-CF5C-4AA5-B65D-4CD67B6EC185}.Debug|Win32.ActiveCfg = Debug|Win32
		{D9DAE0CA-CF5C-4AA5-B65D-4CD67B6EC185}.Debug|Win32.Build.0 = Debug|Win32
		{D9DAE0CA-CF5C-4AA5-B65D-4CD67B6EC185}.Debug|x86.ActiveCfg = Debug|Win32
		{D9DAE0CA-CF5C-4AA5-B65D-4CD67B6EC185}.Debug|x86.Build.0 = Debug|Win32
		{D9DAE0CA-CF5C-4AA5-B65D-4CD67B6EC185}.Release|Any CPU.ActiveCfg = Release|Win32
		{D9DAE0CA-CF5C-4AA5-B65D-4CD67B6EC185}.Release|ARM.ActiveCfg = Release|Win32
		{D9DAE0CA-CF5C-4AA5-B65D-4CD67B6EC185}.Release|Mixed Platforms.ActiveCfg = Release|Win32
		{D9DAE0CA-CF5C-4AA5-B65D-4CD67B6EC185}.Release|Mixed Platforms.Build.0 = Release|Win32
		{D9DAE0CA-CF5C-4AA5-B65D-4CD67B6EC185}.Release|Win32.ActiveCfg = Release|Win32
		{D9DAE0CA-CF5C-4AA5-B65D-4CD67B6EC185}.Release|Win32.Build.0 = Release|Win32
		{D9DAE0CA-CF5C-4AA5-B65D-4CD67B6EC185}.Release|x86.ActiveCfg = Release|Win32
		{D9DAE0CA-CF5C-4AA5-B65D-4CD67B6EC185}.Release|x86.Build.0 = Release|Win32
		{EB9AF8DB-6912-481E-AA8D-36B9C44BA225}.Debug|Any CPU.ActiveCfg = Debug|Win32
		{EB9AF8DB-6912-481E-AA8D-36B9C44BA225}.Debug|ARM.ActiveCfg = Debug|Win32
		{EB9AF8DB-6912-481E-AA8D-36B9C44BA225}.Debug|Mixed Platforms.ActiveCfg = Debug|Win32
		{EB9AF8DB-6912-481E-AA8D-36B9C44BA225}.Debug|Mixed Platforms.Build.0 = Debug|Win32
		{EB9AF8DB-6912-481E-AA8D-36B9C44BA225}.Debug|Win32.ActiveCfg = Debug|Win32
		{EB9AF8DB-6912-481E-AA8D-36B9C44BA225}.Debug|Win32.Build.0 = Debug|Win32
		{EB9AF8DB-6912-481E-AA8D-36B9C44BA225}.Debug|x86.ActiveCfg = Debug|Win32
		{EB9AF8DB-6912-481E-AA8D-36B9C44BA225}.Debug|x86.Build.0 = Debug|Win32
		{EB9AF8DB-6912-481E-AA8D-36B9C44BA225}.Release|Any CPU.ActiveCfg = Release|Win32
		{EB9AF8DB-6912-481E-AA8D-36B9C44BA225}.Release|ARM.ActiveCfg = Release|Win32
		{EB9AF8DB-6912-481E-AA8D-36B9C44BA225}.Release|Mixed Platforms.ActiveCfg = Release|Win32
		{EB9AF8DB-6912-481E-AA8D-36B9C44BA225}.Release|Mixed Platforms.Build.0 = Release|Win32
		{EB9AF8DB-6912-481E-AA8D-36B9C44BA225}.Release|Win32.ActiveCfg = Release|Win32
		{EB9AF8DB-6912-481E-AA8D-36B9C44BA225}.Release|Win32.Build.0 = Release|Win32
		{EB9AF8DB-6912-481E-AA8D-36B9C44BA225}.Release|x86.ActiveCfg = Release|Win32
		{EB9AF8DB-6912-481E-AA8D-36B9C44BA225}.Release|x86.Build.0 = Release|Win32
		{C620B3A7-7A0A-4510-B210-88705055266D}.Debug|Any CPU.ActiveCfg = Debug|Any CPU
		{C620B3A7-7A0A-4510-B210-88705055266D}.Debug|Any CPU.Build.0 = Debug|Any CPU
		{C620B3A7-7A0A-4510-B210-88705055266D}.Debug|ARM.ActiveCfg = Debug|ARM
		{C620B3A7-7A0A-4510-B210-88705055266D}.Debug|ARM.Build.0 = Debug|ARM
		{C620B3A7-7A0A-4510-B210-88705055266D}.Debug|Mixed Platforms.ActiveCfg = Debug|x86
		{C620B3A7-7A0A-4510-B210-88705055266D}.Debug|Mixed Platforms.Build.0 = Debug|x86
		{C620B3A7-7A0A-4510-B210-88705055266D}.Debug|Win32.ActiveCfg = Debug|x86
		{C620B3A7-7A0A-4510-B210-88705055266D}.Debug|Win32.Build.0 = Debug|x86
		{C620B3A7-7A0A-4510-B210-88705055266D}.Debug|x86.ActiveCfg = Debug|x86
		{C620B3A7-7A0A-4510-B210-88705055266D}.Debug|x86.Build.0 = Debug|x86
		{C620B3A7-7A0A-4510-B210-88705055266D}.Release|Any CPU.ActiveCfg = Release|Any CPU
		{C620B3A7-7A0A-4510-B210-88705055266D}.Release|Any CPU.Build.0 = Release|Any CPU
		{C620B3A7-7A0A-4510-B210-88705055266D}.Release|ARM.ActiveCfg = Release|ARM
		{C620B3A7-7A0A-4510-B210-88705055266D}.Release|ARM.Build.0 = Release|ARM
		{C620B3A7-7A0A-4510-B210-88705055266D}.Release|Mixed Platforms.ActiveCfg = Release|x86
		{C620B3A7-7A0A-4510-B210-88705055266D}.Release|Mixed Platforms.Build.0 = Release|x86
		{C620B3A7-7A0A-4510-B210-88705055266D}.Release|Win32.ActiveCfg = Release|x86
		{C620B3A7-7A0A-4510-B210-88705055266D}.Release|Win32.Build.0 = Release|x86
		{C620B3A7-7A0A-4510-B210-88705055266D}.Release|x86.ActiveCfg = Release|x86
		{C620B3A7-7A0A-4510-B210-88705055266D}.Release|x86.Build.0 = Release|x86
		{69931290-CCB2-452E-B900-35823CCFB02A}.Debug|Any CPU.ActiveCfg = Debug|Any CPU
		{69931290-CCB2-452E-B900-35823CCFB02A}.Debug|Any CPU.Build.0 = Debug|Any CPU
		{69931290-CCB2-452E-B900-35823CCFB02A}.Debug|ARM.ActiveCfg = Debug|ARM
		{69931290-CCB2-452E-B900-35823CCFB02A}.Debug|ARM.Build.0 = Debug|ARM
		{69931290-CCB2-452E-B900-35823CCFB02A}.Debug|Mixed Platforms.ActiveCfg = Debug|x86
		{69931290-CCB2-452E-B900-35823CCFB02A}.Debug|Mixed Platforms.Build.0 = Debug|x86
		{69931290-CCB2-452E-B900-35823CCFB02A}.Debug|Win32.ActiveCfg = Debug|x86
		{69931290-CCB2-452E-B900-35823CCFB02A}.Debug|Win32.Build.0 = Debug|x86
		{69931290-CCB2-452E-B900-35823CCFB02A}.Debug|x86.ActiveCfg = Debug|x86
		{69931290-CCB2-452E-B900-35823CCFB02A}.Debug|x86.Build.0 = Debug|x86
		{69931290-CCB2-452E-B900-35823CCFB02A}.Release|Any CPU.ActiveCfg = Release|Any CPU
		{69931290-CCB2-452E-B900-35823CCFB02A}.Release|Any CPU.Build.0 = Release|Any CPU
		{69931290-CCB2-452E-B900-35823CCFB02A}.Release|ARM.ActiveCfg = Release|ARM
		{69931290-CCB2-452E-B900-35823CCFB02A}.Release|ARM.Build.0 = Release|ARM
		{69931290-CCB2-452E-B900-35823CCFB02A}.Release|Mixed Platforms.ActiveCfg = Release|x86
		{69931290-CCB2-452E-B900-35823CCFB02A}.Release|Mixed Platforms.Build.0 = Release|x86
		{69931290-CCB2-452E-B900-35823CCFB02A}.Release|Win32.ActiveCfg = Release|x86
		{69931290-CCB2-452E-B900-35823CCFB02A}.Release|Win32.Build.0 = Release|x86
		{69931290-CCB2-452E-B900-35823CCFB02A}.Release|x86.ActiveCfg = Release|x86
		{69931290-CCB2-452E-B900-35823CCFB02A}.Release|x86.Build.0 = Release|x86
		{6EF03256-BAD7-418D-BBEC-15008CE2CF34}.Debug|Any CPU.ActiveCfg = Debug|Any CPU
		{6EF03256-BAD7-418D-BBEC-15008CE2CF34}.Debug|Any CPU.Build.0 = Debug|Any CPU
		{6EF03256-BAD7-418D-BBEC-15008CE2CF34}.Debug|Any CPU.Deploy.0 = Debug|Any CPU
		{6EF03256-BAD7-418D-BBEC-15008CE2CF34}.Debug|ARM.ActiveCfg = Debug|ARM
		{6EF03256-BAD7-418D-BBEC-15008CE2CF34}.Debug|ARM.Build.0 = Debug|ARM
		{6EF03256-BAD7-418D-BBEC-15008CE2CF34}.Debug|ARM.Deploy.0 = Debug|ARM
		{6EF03256-BAD7-418D-BBEC-15008CE2CF34}.Debug|Mixed Platforms.ActiveCfg = Debug|x86
		{6EF03256-BAD7-418D-BBEC-15008CE2CF34}.Debug|Mixed Platforms.Build.0 = Debug|x86
		{6EF03256-BAD7-418D-BBEC-15008CE2CF34}.Debug|Mixed Platforms.Deploy.0 = Debug|x86
		{6EF03256-BAD7-418D-BBEC-15008CE2CF34}.Debug|Win32.ActiveCfg = Debug|x86
		{6EF03256-BAD7-418D-BBEC-15008CE2CF34}.Debug|Win32.Build.0 = Debug|x86
		{6EF03256-BAD7-418D-BBEC-15008CE2CF34}.Debug|Win32.Deploy.0 = Debug|x86
		{6EF03256-BAD7-418D-BBEC-15008CE2CF34}.Debug|x86.ActiveCfg = Debug|x86
		{6EF03256-BAD7-418D-BBEC-15008CE2CF34}.Debug|x86.Build.0 = Debug|x86
		{6EF03256-BAD7-418D-BBEC-15008CE2CF34}.Debug|x86.Deploy.0 = Debug|x86
		{6EF03256-BAD7-418D-BBEC-15008CE2CF34}.Release|Any CPU.ActiveCfg = Release|Any CPU
		{6EF03256-BAD7-418D-BBEC-15008CE2CF34}.Release|Any CPU.Build.0 = Release|Any CPU
		{6EF03256-BAD7-418D-BBEC-15008CE2CF34}.Release|Any CPU.Deploy.0 = Release|Any CPU
		{6EF03256-BAD7-418D-BBEC-15008CE2CF34}.Release|ARM.ActiveCfg = Release|ARM
		{6EF03256-BAD7-418D-BBEC-15008CE2CF34}.Release|ARM.Build.0 = Release|ARM
		{6EF03256-BAD7-418D-BBEC-15008CE2CF34}.Release|ARM.Deploy.0 = Release|ARM
		{6EF03256-BAD7-418D-BBEC-15008CE2CF34}.Release|Mixed Platforms.ActiveCfg = Release|x86
		{6EF03256-BAD7-418D-BBEC-15008CE2CF34}.Release|Mixed Platforms.Build.0 = Release|x86
		{6EF03256-BAD7-418D-BBEC-15008CE2CF34}.Release|Mixed Platforms.Deploy.0 = Release|x86
		{6EF03256-BAD7-418D-BBEC-15008CE2CF34}.Release|Win32.ActiveCfg = Release|x86
		{6EF03256-BAD7-418D-BBEC-15008CE2CF34}.Release|Win32.Build.0 = Release|x86
		{6EF03256-BAD7-418D-BBEC-15008CE2CF34}.Release|Win32.Deploy.0 = Release|x86
		{6EF03256-BAD7-418D-BBEC-15008CE2CF34}.Release|x86.ActiveCfg = Release|x86
		{6EF03256-BAD7-418D-BBEC-15008CE2CF34}.Release|x86.Build.0 = Release|x86
		{6EF03256-BAD7-418D-BBEC-15008CE2CF34}.Release|x86.Deploy.0 = Release|x86
		{6660C16B-6A90-4EE6-BF96-0E97241B9C3C}.Debug|Any CPU.ActiveCfg = Debug|Any CPU
		{6660C16B-6A90-4EE6-BF96-0E97241B9C3C}.Debug|Any CPU.Build.0 = Debug|Any CPU
		{6660C16B-6A90-4EE6-BF96-0E97241B9C3C}.Debug|ARM.ActiveCfg = Debug|ARM
		{6660C16B-6A90-4EE6-BF96-0E97241B9C3C}.Debug|ARM.Build.0 = Debug|ARM
		{6660C16B-6A90-4EE6-BF96-0E97241B9C3C}.Debug|Mixed Platforms.ActiveCfg = Debug|x86
		{6660C16B-6A90-4EE6-BF96-0E97241B9C3C}.Debug|Mixed Platforms.Build.0 = Debug|x86
		{6660C16B-6A90-4EE6-BF96-0E97241B9C3C}.Debug|Win32.ActiveCfg = Debug|x86
		{6660C16B-6A90-4EE6-BF96-0E97241B9C3C}.Debug|Win32.Build.0 = Debug|x86
		{6660C16B-6A90-4EE6-BF96-0E97241B9C3C}.Debug|x86.ActiveCfg = Debug|x86
		{6660C16B-6A90-4EE6-BF96-0E97241B9C3C}.Debug|x86.Build.0 = Debug|x86
		{6660C16B-6A90-4EE6-BF96-0E97241B9C3C}.Release|Any CPU.ActiveCfg = Release|Any CPU
		{6660C16B-6A90-4EE6-BF96-0E97241B9C3C}.Release|Any CPU.Build.0 = Release|Any CPU
		{6660C16B-6A90-4EE6-BF96-0E97241B9C3C}.Release|ARM.ActiveCfg = Release|ARM
		{6660C16B-6A90-4EE6-BF96-0E97241B9C3C}.Release|ARM.Build.0 = Release|ARM
		{6660C16B-6A90-4EE6-BF96-0E97241B9C3C}.Release|Mixed Platforms.ActiveCfg = Release|x86
		{6660C16B-6A90-4EE6-BF96-0E97241B9C3C}.Release|Mixed Platforms.Build.0 = Release|x86
		{6660C16B-6A90-4EE6-BF96-0E97241B9C3C}.Release|Win32.ActiveCfg = Release|x86
		{6660C16B-6A90-4EE6-BF96-0E97241B9C3C}.Release|Win32.Build.0 = Release|x86
		{6660C16B-6A90-4EE6-BF96-0E97241B9C3C}.Release|x86.ActiveCfg = Release|x86
		{6660C16B-6A90-4EE6-BF96-0E97241B9C3C}.Release|x86.Build.0 = Release|x86
	EndGlobalSection
	GlobalSection(SolutionProperties) = preSolution
		HideSolutionNode = FALSE
	EndGlobalSection
EndGlobal
